// !$*UTF8*$!
{
	archiveVersion = 1;
	classes = {
	};
	objectVersion = 77;
	objects = {

/* Begin PBXBuildFile section */
		6121E3472DA27E3200EF9800 /* ComposableArchitecture in Frameworks */ = {isa = PBXBuildFile; productRef = 6121E3462DA27E3200EF9800 /* ComposableArchitecture */; };
		614412EA2F1B5B3A002D5A59 /* WidgetKit.framework in Frameworks */ = {isa = PBXBuildFile; fileRef = 614412E92F1B5B3A002D5A59 /* WidgetKit.framework */; };
		614412EC2F1B5B3A002D5A59 /* SwiftUI.framework in Frameworks */ = {isa = PBXBuildFile; fileRef = 614412EB2F1B5B3A002D5A59 /* SwiftUI.framework */; };
		614412FD2F1B5B3B002D5A59 /* countDownWidgetsExtension.appex in Embed Foundation Extensions */ = {isa = PBXBuildFile; fileRef = 614412E82F1B5B39002D5A59 /* countDownWidgetsExtension.appex */; settings = {ATTRIBUTES = (RemoveHeadersOnCopy, ); }; };
		61992A672DABFD7900FED06D /* FirebaseAnalytics in Frameworks */ = {isa = PBXBuildFile; productRef = 61992A662DABFD7900FED06D /* FirebaseAnalytics */; };
		61992A692DABFD7900FED06D /* FirebaseAnalyticsOnDeviceConversion in Frameworks */ = {isa = PBXBuildFile; productRef = 61992A682DABFD7900FED06D /* FirebaseAnalyticsOnDeviceConversion */; };
		61992A6B2DABFD7900FED06D /* FirebaseAnalyticsWithoutAdIdSupport in Frameworks */ = {isa = PBXBuildFile; productRef = 61992A6A2DABFD7900FED06D /* FirebaseAnalyticsWithoutAdIdSupport */; };
		61992A6D2DABFD7900FED06D /* FirebaseAppCheck in Frameworks */ = {isa = PBXBuildFile; productRef = 61992A6C2DABFD7900FED06D /* FirebaseAppCheck */; };
		61992A6F2DABFD7900FED06D /* FirebaseAppDistribution-Beta in Frameworks */ = {isa = PBXBuildFile; productRef = 61992A6E2DABFD7900FED06D /* FirebaseAppDistribution-Beta */; };
		61992A712DABFD7900FED06D /* FirebaseAuth in Frameworks */ = {isa = PBXBuildFile; productRef = 61992A702DABFD7900FED06D /* FirebaseAuth */; };
		61992A732DABFD7900FED06D /* FirebaseAuthCombine-Community in Frameworks */ = {isa = PBXBuildFile; productRef = 61992A722DABFD7900FED06D /* FirebaseAuthCombine-Community */; };
		61992A752DABFD7900FED06D /* FirebaseCore in Frameworks */ = {isa = PBXBuildFile; productRef = 61992A742DABFD7900FED06D /* FirebaseCore */; };
		61992A772DABFD7900FED06D /* FirebaseCrashlytics in Frameworks */ = {isa = PBXBuildFile; productRef = 61992A762DABFD7900FED06D /* FirebaseCrashlytics */; };
		61992A792DABFD7900FED06D /* FirebaseDatabase in Frameworks */ = {isa = PBXBuildFile; productRef = 61992A782DABFD7900FED06D /* FirebaseDatabase */; };
		61992A7B2DABFD7900FED06D /* FirebaseDynamicLinks in Frameworks */ = {isa = PBXBuildFile; productRef = 61992A7A2DABFD7900FED06D /* FirebaseDynamicLinks */; };
		61992A7D2DABFD7900FED06D /* FirebaseFirestore in Frameworks */ = {isa = PBXBuildFile; productRef = 61992A7C2DABFD7900FED06D /* FirebaseFirestore */; };
		61992A7F2DABFD7900FED06D /* FirebaseFirestoreCombine-Community in Frameworks */ = {isa = PBXBuildFile; productRef = 61992A7E2DABFD7900FED06D /* FirebaseFirestoreCombine-Community */; };
		61992A812DABFD7900FED06D /* FirebaseFunctions in Frameworks */ = {isa = PBXBuildFile; productRef = 61992A802DABFD7900FED06D /* FirebaseFunctions */; };
		61992A832DABFD7900FED06D /* FirebaseFunctionsCombine-Community in Frameworks */ = {isa = PBXBuildFile; productRef = 61992A822DABFD7900FED06D /* FirebaseFunctionsCombine-Community */; };
		61992A852DABFD7900FED06D /* FirebaseInAppMessaging-Beta in Frameworks */ = {isa = PBXBuildFile; productRef = 61992A842DABFD7900FED06D /* FirebaseInAppMessaging-Beta */; };
		61992A872DABFD7900FED06D /* FirebaseInstallations in Frameworks */ = {isa = PBXBuildFile; productRef = 61992A862DABFD7900FED06D /* FirebaseInstallations */; };
		61992A892DABFD7900FED06D /* FirebaseMLModelDownloader in Frameworks */ = {isa = PBXBuildFile; productRef = 61992A882DABFD7900FED06D /* FirebaseMLModelDownloader */; };
		61992A8B2DABFD7900FED06D /* FirebaseMessaging in Frameworks */ = {isa = PBXBuildFile; productRef = 61992A8A2DABFD7900FED06D /* FirebaseMessaging */; };
		61992A8D2DABFD7900FED06D /* FirebasePerformance in Frameworks */ = {isa = PBXBuildFile; productRef = 61992A8C2DABFD7900FED06D /* FirebasePerformance */; };
		61992A8F2DABFD7900FED06D /* FirebaseRemoteConfig in Frameworks */ = {isa = PBXBuildFile; productRef = 61992A8E2DABFD7900FED06D /* FirebaseRemoteConfig */; };
		61992A912DABFD7900FED06D /* FirebaseStorage in Frameworks */ = {isa = PBXBuildFile; productRef = 61992A902DABFD7900FED06D /* FirebaseStorage */; };
		61992A932DABFD7900FED06D /* FirebaseStorageCombine-Community in Frameworks */ = {isa = PBXBuildFile; productRef = 61992A922DABFD7900FED06D /* FirebaseStorageCombine-Community */; };
		61992A952DABFD7900FED06D /* FirebaseVertexAI in Frameworks */ = {isa = PBXBuildFile; productRef = 61992A942DABFD7900FED06D /* FirebaseVertexAI */; };
		61D9D2B12DB4B1920001F08F /* GoogleMobileAds in Frameworks */ = {isa = PBXBuildFile; productRef = 61D9D2B02DB4B1920001F08F /* GoogleMobileAds */; };
/* End PBXBuildFile section */

/* Begin PBXContainerItemProxy section */
		6121E28C2DA278FC00EF9800 /* PBXContainerItemProxy */ = {
			isa = PBXContainerItemProxy;
			containerPortal = 6121E2732DA278FA00EF9800 /* Project object */;
			proxyType = 1;
			remoteGlobalIDString = 6121E27A2DA278FA00EF9800;
			remoteInfo = countDown;
		};
		6121E2962DA278FC00EF9800 /* PBXContainerItemProxy */ = {
			isa = PBXContainerItemProxy;
			containerPortal = 6121E2732DA278FA00EF9800 /* Project object */;
			proxyType = 1;
			remoteGlobalIDString = 6121E27A2DA278FA00EF9800;
			remoteInfo = countDown;
		};
		614412FB2F1B5B3B002D5A59 /* PBXContainerItemProxy */ = {
			isa = PBXContainerItemProxy;
			containerPortal = 6121E2732DA278FA00EF9800 /* Project object */;
			proxyType = 1;
			remoteGlobalIDString = 614412E72F1B5B39002D5A59;
			remoteInfo = countDownWidgetsExtension;
		};
/* End PBXContainerItemProxy section */

/* Begin PBXCopyFilesBuildPhase section */
		614413022F1B5B3B002D5A59 /* Embed Foundation Extensions */ = {
			isa = PBXCopyFilesBuildPhase;
			buildActionMask = 2147483647;
			dstPath = "";
			dstSubfolderSpec = 13;
			files = (
				614412FD2F1B5B3B002D5A59 /* countDownWidgetsExtension.appex in Embed Foundation Extensions */,
			);
			name = "Embed Foundation Extensions";
			runOnlyForDeploymentPostprocessing = 0;
		};
/* End PBXCopyFilesBuildPhase section */

/* Begin PBXFileReference section */
		6121E27B2DA278FA00EF9800 /* countDown.app */ = {isa = PBXFileReference; explicitFileType = wrapper.application; includeInIndex = 0; path = countDown.app; sourceTree = BUILT_PRODUCTS_DIR; };
		6121E28B2DA278FC00EF9800 /* countDownTests.xctest */ = {isa = PBXFileReference; explicitFileType = wrapper.cfbundle; includeInIndex = 0; path = countDownTests.xctest; sourceTree = BUILT_PRODUCTS_DIR; };
		6121E2952DA278FC00EF9800 /* countDownUITests.xctest */ = {isa = PBXFileReference; explicitFileType = wrapper.cfbundle; includeInIndex = 0; path = countDownUITests.xctest; sourceTree = BUILT_PRODUCTS_DIR; };
		614412E82F1B5B39002D5A59 /* countDownWidgetsExtension.appex */ = {isa = PBXFileReference; explicitFileType = "wrapper.app-extension"; includeInIndex = 0; path = countDownWidgetsExtension.appex; sourceTree = BUILT_PRODUCTS_DIR; };
		614412E92F1B5B3A002D5A59 /* WidgetKit.framework */ = {isa = PBXFileReference; lastKnownFileType = wrapper.framework; name = WidgetKit.framework; path = System/Library/Frameworks/WidgetKit.framework; sourceTree = SDKROOT; };
		614412EB2F1B5B3A002D5A59 /* SwiftUI.framework */ = {isa = PBXFileReference; lastKnownFileType = wrapper.framework; name = SwiftUI.framework; path = System/Library/Frameworks/SwiftUI.framework; sourceTree = SDKROOT; };
		61DC6ED72F1FD72900463675 /* countDownWidgetsExtension.entitlements */ = {isa = PBXFileReference; lastKnownFileType = text.plist.entitlements; path = countDownWidgetsExtension.entitlements; sourceTree = "<group>"; };
/* End PBXFileReference section */

/* Begin PBXFileSystemSynchronizedBuildFileExceptionSet section */
		614413012F1B5B3B002D5A59 /* Exceptions for "countDownWidgets" folder in "countDownWidgetsExtension" target */ = {
			isa = PBXFileSystemSynchronizedBuildFileExceptionSet;
			membershipExceptions = (
				Info.plist,
			);
			target = 614412E72F1B5B39002D5A59 /* countDownWidgetsExtension */;
		};
		61992A9F2DAEA4C300FED06D /* Exceptions for "countDown" folder in "countDown" target */ = {
			isa = PBXFileSystemSynchronizedBuildFileExceptionSet;
			membershipExceptions = (
				Info.plist,
			);
			target = 6121E27A2DA278FA00EF9800 /* countDown */;
		};
/* End PBXFileSystemSynchronizedBuildFileExceptionSet section */

/* Begin PBXFileSystemSynchronizedRootGroup section */
		6121E27D2DA278FA00EF9800 /* countDown */ = {
			isa = PBXFileSystemSynchronizedRootGroup;
			exceptions = (
				61992A9F2DAEA4C300FED06D /* Exceptions for "countDown" folder in "countDown" target */,
			);
			path = countDown;
			sourceTree = "<group>";
		};
		6121E28E2DA278FC00EF9800 /* countDownTests */ = {
			isa = PBXFileSystemSynchronizedRootGroup;
			path = countDownTests;
			sourceTree = "<group>";
		};
		6121E2982DA278FC00EF9800 /* countDownUITests */ = {
			isa = PBXFileSystemSynchronizedRootGroup;
			path = countDownUITests;
			sourceTree = "<group>";
		};
		614412ED2F1B5B3A002D5A59 /* countDownWidgets */ = {
			isa = PBXFileSystemSynchronizedRootGroup;
			exceptions = (
				614413012F1B5B3B002D5A59 /* Exceptions for "countDownWidgets" folder in "countDownWidgetsExtension" target */,
			);
			path = countDownWidgets;
			sourceTree = "<group>";
		};
/* End PBXFileSystemSynchronizedRootGroup section */

/* Begin PBXFrameworksBuildPhase section */
		6121E2782DA278FA00EF9800 /* Frameworks */ = {
			isa = PBXFrameworksBuildPhase;
			buildActionMask = 2147483647;
			files = (
				61992A672DABFD7900FED06D /* FirebaseAnalytics in Frameworks */,
				61992A7D2DABFD7900FED06D /* FirebaseFirestore in Frameworks */,
				61992A692DABFD7900FED06D /* FirebaseAnalyticsOnDeviceConversion in Frameworks */,
				61992A872DABFD7900FED06D /* FirebaseInstallations in Frameworks */,
				6121E3472DA27E3200EF9800 /* ComposableArchitecture in Frameworks */,
				61992A6D2DABFD7900FED06D /* FirebaseAppCheck in Frameworks */,
				61992A852DABFD7900FED06D /* FirebaseInAppMessaging-Beta in Frameworks */,
				61992A6B2DABFD7900FED06D /* FirebaseAnalyticsWithoutAdIdSupport in Frameworks */,
				61992A712DABFD7900FED06D /* FirebaseAuth in Frameworks */,
				61992A832DABFD7900FED06D /* FirebaseFunctionsCombine-Community in Frameworks */,
				61992A932DABFD7900FED06D /* FirebaseStorageCombine-Community in Frameworks */,
				61992A6F2DABFD7900FED06D /* FirebaseAppDistribution-Beta in Frameworks */,
				61992A952DABFD7900FED06D /* FirebaseVertexAI in Frameworks */,
				61992A912DABFD7900FED06D /* FirebaseStorage in Frameworks */,
				61992A8F2DABFD7900FED06D /* FirebaseRemoteConfig in Frameworks */,
				61992A772DABFD7900FED06D /* FirebaseCrashlytics in Frameworks */,
				61992A8B2DABFD7900FED06D /* FirebaseMessaging in Frameworks */,
				61992A892DABFD7900FED06D /* FirebaseMLModelDownloader in Frameworks */,
				61D9D2B12DB4B1920001F08F /* GoogleMobileAds in Frameworks */,
				61992A8D2DABFD7900FED06D /* FirebasePerformance in Frameworks */,
				61992A792DABFD7900FED06D /* FirebaseDatabase in Frameworks */,
				61992A752DABFD7900FED06D /* FirebaseCore in Frameworks */,
				61992A732DABFD7900FED06D /* FirebaseAuthCombine-Community in Frameworks */,
				61992A812DABFD7900FED06D /* FirebaseFunctions in Frameworks */,
				61992A7B2DABFD7900FED06D /* FirebaseDynamicLinks in Frameworks */,
				61992A7F2DABFD7900FED06D /* FirebaseFirestoreCombine-Community in Frameworks */,
			);
			runOnlyForDeploymentPostprocessing = 0;
		};
		6121E2882DA278FC00EF9800 /* Frameworks */ = {
			isa = PBXFrameworksBuildPhase;
			buildActionMask = 2147483647;
			files = (
			);
			runOnlyForDeploymentPostprocessing = 0;
		};
		6121E2922DA278FC00EF9800 /* Frameworks */ = {
			isa = PBXFrameworksBuildPhase;
			buildActionMask = 2147483647;
			files = (
			);
			runOnlyForDeploymentPostprocessing = 0;
		};
		614412E52F1B5B39002D5A59 /* Frameworks */ = {
			isa = PBXFrameworksBuildPhase;
			buildActionMask = 2147483647;
			files = (
				614412EC2F1B5B3A002D5A59 /* SwiftUI.framework in Frameworks */,
				614412EA2F1B5B3A002D5A59 /* WidgetKit.framework in Frameworks */,
			);
			runOnlyForDeploymentPostprocessing = 0;
		};
/* End PBXFrameworksBuildPhase section */

/* Begin PBXGroup section */
		6121E2722DA278FA00EF9800 = {
			isa = PBXGroup;
			children = (
				61DC6ED72F1FD72900463675 /* countDownWidgetsExtension.entitlements */,
				6121E27D2DA278FA00EF9800 /* countDown */,
				6121E28E2DA278FC00EF9800 /* countDownTests */,
				6121E2982DA278FC00EF9800 /* countDownUITests */,
				614412ED2F1B5B3A002D5A59 /* countDownWidgets */,
				6121E27C2DA278FA00EF9800 /* Products */,
				AA1234502DA300000000001 /* Frameworks */,
			);
			sourceTree = "<group>";
		};
		6121E27C2DA278FA00EF9800 /* Products */ = {
			isa = PBXGroup;
			children = (
				6121E27B2DA278FA00EF9800 /* countDown.app */,
				6121E28B2DA278FC00EF9800 /* countDownTests.xctest */,
				6121E2952DA278FC00EF9800 /* countDownUITests.xctest */,
				614412E82F1B5B39002D5A59 /* countDownWidgetsExtension.appex */,
			);
			name = Products;
			sourceTree = "<group>";
		};
		AA1234502DA300000000001 /* Frameworks */ = {
			isa = PBXGroup;
			children = (
				614412E92F1B5B3A002D5A59 /* WidgetKit.framework */,
				614412EB2F1B5B3A002D5A59 /* SwiftUI.framework */,
			);
			name = Frameworks;
			sourceTree = "<group>";
		};
/* End PBXGroup section */

/* Begin PBXNativeTarget section */
		6121E27A2DA278FA00EF9800 /* countDown */ = {
			isa = PBXNativeTarget;
			buildConfigurationList = 6121E29F2DA278FC00EF9800 /* Build configuration list for PBXNativeTarget "countDown" */;
			buildPhases = (
				6121E2772DA278FA00EF9800 /* Sources */,
				6121E2782DA278FA00EF9800 /* Frameworks */,
				6121E2792DA278FA00EF9800 /* Resources */,
				614413022F1B5B3B002D5A59 /* Embed Foundation Extensions */,
			);
			buildRules = (
			);
			dependencies = (
				614412FC2F1B5B3B002D5A59 /* PBXTargetDependency */,
			);
			fileSystemSynchronizedGroups = (
				6121E27D2DA278FA00EF9800 /* countDown */,
			);
			name = countDown;
			packageProductDependencies = (
				6121E3462DA27E3200EF9800 /* ComposableArchitecture */,
				61992A662DABFD7900FED06D /* FirebaseAnalytics */,
				61992A682DABFD7900FED06D /* FirebaseAnalyticsOnDeviceConversion */,
				61992A6A2DABFD7900FED06D /* FirebaseAnalyticsWithoutAdIdSupport */,
				61992A6C2DABFD7900FED06D /* FirebaseAppCheck */,
				61992A6E2DABFD7900FED06D /* FirebaseAppDistribution-Beta */,
				61992A702DABFD7900FED06D /* FirebaseAuth */,
				61992A722DABFD7900FED06D /* FirebaseAuthCombine-Community */,
				61992A742DABFD7900FED06D /* FirebaseCore */,
				61992A762DABFD7900FED06D /* FirebaseCrashlytics */,
				61992A782DABFD7900FED06D /* FirebaseDatabase */,
				61992A7A2DABFD7900FED06D /* FirebaseDynamicLinks */,
				61992A7C2DABFD7900FED06D /* FirebaseFirestore */,
				61992A7E2DABFD7900FED06D /* FirebaseFirestoreCombine-Community */,
				61992A802DABFD7900FED06D /* FirebaseFunctions */,
				61992A822DABFD7900FED06D /* FirebaseFunctionsCombine-Community */,
				61992A842DABFD7900FED06D /* FirebaseInAppMessaging-Beta */,
				61992A862DABFD7900FED06D /* FirebaseInstallations */,
				61992A882DABFD7900FED06D /* FirebaseMLModelDownloader */,
				61992A8A2DABFD7900FED06D /* FirebaseMessaging */,
				61992A8C2DABFD7900FED06D /* FirebasePerformance */,
				61992A8E2DABFD7900FED06D /* FirebaseRemoteConfig */,
				61992A902DABFD7900FED06D /* FirebaseStorage */,
				61992A922DABFD7900FED06D /* FirebaseStorageCombine-Community */,
				61992A942DABFD7900FED06D /* FirebaseVertexAI */,
				61D9D2B02DB4B1920001F08F /* GoogleMobileAds */,
			);
			productName = countDown;
			productReference = 6121E27B2DA278FA00EF9800 /* countDown.app */;
			productType = "com.apple.product-type.application";
		};
		6121E28A2DA278FC00EF9800 /* countDownTests */ = {
			isa = PBXNativeTarget;
			buildConfigurationList = 6121E2A22DA278FC00EF9800 /* Build configuration list for PBXNativeTarget "countDownTests" */;
			buildPhases = (
				6121E2872DA278FC00EF9800 /* Sources */,
				6121E2882DA278FC00EF9800 /* Frameworks */,
				6121E2892DA278FC00EF9800 /* Resources */,
			);
			buildRules = (
			);
			dependencies = (
				6121E28D2DA278FC00EF9800 /* PBXTargetDependency */,
			);
			fileSystemSynchronizedGroups = (
				6121E28E2DA278FC00EF9800 /* countDownTests */,
			);
			name = countDownTests;
			packageProductDependencies = (
			);
			productName = countDownTests;
			productReference = 6121E28B2DA278FC00EF9800 /* countDownTests.xctest */;
			productType = "com.apple.product-type.bundle.unit-test";
		};
		6121E2942DA278FC00EF9800 /* countDownUITests */ = {
			isa = PBXNativeTarget;
			buildConfigurationList = 6121E2A52DA278FC00EF9800 /* Build configuration list for PBXNativeTarget "countDownUITests" */;
			buildPhases = (
				6121E2912DA278FC00EF9800 /* Sources */,
				6121E2922DA278FC00EF9800 /* Frameworks */,
				6121E2932DA278FC00EF9800 /* Resources */,
			);
			buildRules = (
			);
			dependencies = (
				6121E2972DA278FC00EF9800 /* PBXTargetDependency */,
			);
			fileSystemSynchronizedGroups = (
				6121E2982DA278FC00EF9800 /* countDownUITests */,
			);
			name = countDownUITests;
			packageProductDependencies = (
			);
			productName = countDownUITests;
			productReference = 6121E2952DA278FC00EF9800 /* countDownUITests.xctest */;
			productType = "com.apple.product-type.bundle.ui-testing";
		};
		614412E72F1B5B39002D5A59 /* countDownWidgetsExtension */ = {
			isa = PBXNativeTarget;
			buildConfigurationList = 614412FE2F1B5B3B002D5A59 /* Build configuration list for PBXNativeTarget "countDownWidgetsExtension" */;
			buildPhases = (
				614412E42F1B5B39002D5A59 /* Sources */,
				614412E52F1B5B39002D5A59 /* Frameworks */,
				614412E62F1B5B39002D5A59 /* Resources */,
			);
			buildRules = (
			);
			dependencies = (
			);
			fileSystemSynchronizedGroups = (
				614412ED2F1B5B3A002D5A59 /* countDownWidgets */,
			);
			name = countDownWidgetsExtension;
			packageProductDependencies = (
			);
			productName = countDownWidgetsExtension;
			productReference = 614412E82F1B5B39002D5A59 /* countDownWidgetsExtension.appex */;
			productType = "com.apple.product-type.app-extension";
		};
/* End PBXNativeTarget section */

/* Begin PBXProject section */
		6121E2732DA278FA00EF9800 /* Project object */ = {
			isa = PBXProject;
			attributes = {
				BuildIndependentTargetsInParallel = 1;
				LastSwiftUpdateCheck = 2610;
				LastUpgradeCheck = 1630;
				TargetAttributes = {
					6121E27A2DA278FA00EF9800 = {
						CreatedOnToolsVersion = 16.2;
					};
					6121E28A2DA278FC00EF9800 = {
						CreatedOnToolsVersion = 16.2;
						TestTargetID = 6121E27A2DA278FA00EF9800;
					};
					6121E2942DA278FC00EF9800 = {
						CreatedOnToolsVersion = 16.2;
						TestTargetID = 6121E27A2DA278FA00EF9800;
					};
					614412E72F1B5B39002D5A59 = {
						CreatedOnToolsVersion = 26.1;
					};
				};
			};
			buildConfigurationList = 6121E2762DA278FA00EF9800 /* Build configuration list for PBXProject "countDown" */;
			developmentRegion = en;
			hasScannedForEncodings = 0;
			knownRegions = (
				en,
				ja,
			);
			mainGroup = 6121E2722DA278FA00EF9800;
			minimizedProjectReferenceProxies = 1;
			packageReferences = (
				6121E3452DA27E3200EF9800 /* XCRemoteSwiftPackageReference "swift-composable-architecture" */,
				61992A652DABFD7900FED06D /* XCRemoteSwiftPackageReference "firebase-ios-sdk" */,
				61D9D2AF2DB4B1920001F08F /* XCRemoteSwiftPackageReference "swift-package-manager-google-mobile-ads" */,
			);
			preferredProjectObjectVersion = 77;
			productRefGroup = 6121E27C2DA278FA00EF9800 /* Products */;
			projectDirPath = "";
			projectRoot = "";
			targets = (
				6121E27A2DA278FA00EF9800 /* countDown */,
				6121E28A2DA278FC00EF9800 /* countDownTests */,
				6121E2942DA278FC00EF9800 /* countDownUITests */,
				614412E72F1B5B39002D5A59 /* countDownWidgetsExtension */,
			);
		};
/* End PBXProject section */

/* Begin PBXResourcesBuildPhase section */
		6121E2792DA278FA00EF9800 /* Resources */ = {
			isa = PBXResourcesBuildPhase;
			buildActionMask = 2147483647;
			files = (
			);
			runOnlyForDeploymentPostprocessing = 0;
		};
		6121E2892DA278FC00EF9800 /* Resources */ = {
			isa = PBXResourcesBuildPhase;
			buildActionMask = 2147483647;
			files = (
			);
			runOnlyForDeploymentPostprocessing = 0;
		};
		6121E2932DA278FC00EF9800 /* Resources */ = {
			isa = PBXResourcesBuildPhase;
			buildActionMask = 2147483647;
			files = (
			);
			runOnlyForDeploymentPostprocessing = 0;
		};
		614412E62F1B5B39002D5A59 /* Resources */ = {
			isa = PBXResourcesBuildPhase;
			buildActionMask = 2147483647;
			files = (
			);
			runOnlyForDeploymentPostprocessing = 0;
		};
/* End PBXResourcesBuildPhase section */

/* Begin PBXSourcesBuildPhase section */
		6121E2772DA278FA00EF9800 /* Sources */ = {
			isa = PBXSourcesBuildPhase;
			buildActionMask = 2147483647;
			files = (
			);
			runOnlyForDeploymentPostprocessing = 0;
		};
		6121E2872DA278FC00EF9800 /* Sources */ = {
			isa = PBXSourcesBuildPhase;
			buildActionMask = 2147483647;
			files = (
			);
			runOnlyForDeploymentPostprocessing = 0;
		};
		6121E2912DA278FC00EF9800 /* Sources */ = {
			isa = PBXSourcesBuildPhase;
			buildActionMask = 2147483647;
			files = (
			);
			runOnlyForDeploymentPostprocessing = 0;
		};
		614412E42F1B5B39002D5A59 /* Sources */ = {
			isa = PBXSourcesBuildPhase;
			buildActionMask = 2147483647;
			files = (
			);
			runOnlyForDeploymentPostprocessing = 0;
		};
/* End PBXSourcesBuildPhase section */

/* Begin PBXTargetDependency section */
		6121E28D2DA278FC00EF9800 /* PBXTargetDependency */ = {
			isa = PBXTargetDependency;
			target = 6121E27A2DA278FA00EF9800 /* countDown */;
			targetProxy = 6121E28C2DA278FC00EF9800 /* PBXContainerItemProxy */;
		};
		6121E2972DA278FC00EF9800 /* PBXTargetDependency */ = {
			isa = PBXTargetDependency;
			target = 6121E27A2DA278FA00EF9800 /* countDown */;
			targetProxy = 6121E2962DA278FC00EF9800 /* PBXContainerItemProxy */;
		};
		614412FC2F1B5B3B002D5A59 /* PBXTargetDependency */ = {
			isa = PBXTargetDependency;
			target = 614412E72F1B5B39002D5A59 /* countDownWidgetsExtension */;
			targetProxy = 614412FB2F1B5B3B002D5A59 /* PBXContainerItemProxy */;
		};
/* End PBXTargetDependency section */

/* Begin XCBuildConfiguration section */
		6121E29D2DA278FC00EF9800 /* Debug */ = {
			isa = XCBuildConfiguration;
			baseConfigurationReferenceAnchor = 6121E27D2DA278FA00EF9800 /* countDown */;
			baseConfigurationReferenceRelativePath = Config/Debug.xcconfig;
			buildSettings = {
				ALWAYS_SEARCH_USER_PATHS = NO;
				ASSETCATALOG_COMPILER_GENERATE_SWIFT_ASSET_SYMBOL_EXTENSIONS = YES;
				CLANG_ANALYZER_LOCALIZABILITY_NONLOCALIZED = YES;
				CLANG_ANALYZER_NONNULL = YES;
				CLANG_ANALYZER_NUMBER_OBJECT_CONVERSION = YES_AGGRESSIVE;
				CLANG_CXX_LANGUAGE_STANDARD = "gnu++20";
				CLANG_ENABLE_MODULES = YES;
				CLANG_ENABLE_OBJC_ARC = YES;
				CLANG_ENABLE_OBJC_WEAK = YES;
				CLANG_WARN_BLOCK_CAPTURE_AUTORELEASING = YES;
				CLANG_WARN_BOOL_CONVERSION = YES;
				CLANG_WARN_COMMA = YES;
				CLANG_WARN_CONSTANT_CONVERSION = YES;
				CLANG_WARN_DEPRECATED_OBJC_IMPLEMENTATIONS = YES;
				CLANG_WARN_DIRECT_OBJC_ISA_USAGE = YES_ERROR;
				CLANG_WARN_DOCUMENTATION_COMMENTS = YES;
				CLANG_WARN_EMPTY_BODY = YES;
				CLANG_WARN_ENUM_CONVERSION = YES;
				CLANG_WARN_INFINITE_RECURSION = YES;
				CLANG_WARN_INT_CONVERSION = YES;
				CLANG_WARN_NON_LITERAL_NULL_CONVERSION = YES;
				CLANG_WARN_OBJC_IMPLICIT_RETAIN_SELF = YES;
				CLANG_WARN_OBJC_LITERAL_CONVERSION = YES;
				CLANG_WARN_OBJC_ROOT_CLASS = YES_ERROR;
				CLANG_WARN_QUOTED_INCLUDE_IN_FRAMEWORK_HEADER = YES;
				CLANG_WARN_RANGE_LOOP_ANALYSIS = YES;
				CLANG_WARN_STRICT_PROTOTYPES = YES;
				CLANG_WARN_SUSPICIOUS_MOVE = YES;
				CLANG_WARN_UNGUARDED_AVAILABILITY = YES_AGGRESSIVE;
				CLANG_WARN_UNREACHABLE_CODE = YES;
				CLANG_WARN__DUPLICATE_METHOD_MATCH = YES;
				COPY_PHASE_STRIP = NO;
				DEBUG_INFORMATION_FORMAT = "dwarf-with-dsym";
				DEVELOPMENT_TEAM = 4YZQY4C47E;
				ENABLE_STRICT_OBJC_MSGSEND = YES;
				ENABLE_TESTABILITY = YES;
				ENABLE_USER_SCRIPT_SANDBOXING = YES;
				GCC_C_LANGUAGE_STANDARD = gnu17;
				GCC_DYNAMIC_NO_PIC = NO;
				GCC_NO_COMMON_BLOCKS = YES;
				GCC_OPTIMIZATION_LEVEL = 0;
				GCC_PREPROCESSOR_DEFINITIONS = (
					"DEBUG=1",
					"$(inherited)",
				);
				GCC_WARN_64_TO_32_BIT_CONVERSION = YES;
				GCC_WARN_ABOUT_RETURN_TYPE = YES_ERROR;
				GCC_WARN_UNDECLARED_SELECTOR = YES;
				GCC_WARN_UNINITIALIZED_AUTOS = YES_AGGRESSIVE;
				GCC_WARN_UNUSED_FUNCTION = YES;
				GCC_WARN_UNUSED_VARIABLE = YES;
				IPHONEOS_DEPLOYMENT_TARGET = 18.2;
				LOCALIZATION_PREFERS_STRING_CATALOGS = YES;
				MTL_ENABLE_DEBUG_INFO = INCLUDE_SOURCE;
				MTL_FAST_MATH = YES;
				ONLY_ACTIVE_ARCH = YES;
				SDKROOT = iphoneos;
				SWIFT_ACTIVE_COMPILATION_CONDITIONS = "DEBUG $(inherited)";
				SWIFT_OPTIMIZATION_LEVEL = "-Onone";
			};
			name = Debug;
		};
		6121E29E2DA278FC00EF9800 /* Release */ = {
			isa = XCBuildConfiguration;
			baseConfigurationReferenceAnchor = 6121E27D2DA278FA00EF9800 /* countDown */;
			baseConfigurationReferenceRelativePath = Config/Release.xcconfig;
			buildSettings = {
				ALWAYS_SEARCH_USER_PATHS = NO;
				ASSETCATALOG_COMPILER_GENERATE_SWIFT_ASSET_SYMBOL_EXTENSIONS = YES;
				CLANG_ANALYZER_LOCALIZABILITY_NONLOCALIZED = YES;
				CLANG_ANALYZER_NONNULL = YES;
				CLANG_ANALYZER_NUMBER_OBJECT_CONVERSION = YES_AGGRESSIVE;
				CLANG_CXX_LANGUAGE_STANDARD = "gnu++20";
				CLANG_ENABLE_MODULES = YES;
				CLANG_ENABLE_OBJC_ARC = YES;
				CLANG_ENABLE_OBJC_WEAK = YES;
				CLANG_WARN_BLOCK_CAPTURE_AUTORELEASING = YES;
				CLANG_WARN_BOOL_CONVERSION = YES;
				CLANG_WARN_COMMA = YES;
				CLANG_WARN_CONSTANT_CONVERSION = YES;
				CLANG_WARN_DEPRECATED_OBJC_IMPLEMENTATIONS = YES;
				CLANG_WARN_DIRECT_OBJC_ISA_USAGE = YES_ERROR;
				CLANG_WARN_DOCUMENTATION_COMMENTS = YES;
				CLANG_WARN_EMPTY_BODY = YES;
				CLANG_WARN_ENUM_CONVERSION = YES;
				CLANG_WARN_INFINITE_RECURSION = YES;
				CLANG_WARN_INT_CONVERSION = YES;
				CLANG_WARN_NON_LITERAL_NULL_CONVERSION = YES;
				CLANG_WARN_OBJC_IMPLICIT_RETAIN_SELF = YES;
				CLANG_WARN_OBJC_LITERAL_CONVERSION = YES;
				CLANG_WARN_OBJC_ROOT_CLASS = YES_ERROR;
				CLANG_WARN_QUOTED_INCLUDE_IN_FRAMEWORK_HEADER = YES;
				CLANG_WARN_RANGE_LOOP_ANALYSIS = YES;
				CLANG_WARN_STRICT_PROTOTYPES = YES;
				CLANG_WARN_SUSPICIOUS_MOVE = YES;
				CLANG_WARN_UNGUARDED_AVAILABILITY = YES_AGGRESSIVE;
				CLANG_WARN_UNREACHABLE_CODE = YES;
				CLANG_WARN__DUPLICATE_METHOD_MATCH = YES;
				COPY_PHASE_STRIP = NO;
				DEBUG_INFORMATION_FORMAT = "dwarf-with-dsym";
				DEVELOPMENT_TEAM = 4YZQY4C47E;
				ENABLE_NS_ASSERTIONS = NO;
				ENABLE_STRICT_OBJC_MSGSEND = YES;
				ENABLE_USER_SCRIPT_SANDBOXING = YES;
				GCC_C_LANGUAGE_STANDARD = gnu17;
				GCC_NO_COMMON_BLOCKS = YES;
				GCC_WARN_64_TO_32_BIT_CONVERSION = YES;
				GCC_WARN_ABOUT_RETURN_TYPE = YES_ERROR;
				GCC_WARN_UNDECLARED_SELECTOR = YES;
				GCC_WARN_UNINITIALIZED_AUTOS = YES_AGGRESSIVE;
				GCC_WARN_UNUSED_FUNCTION = YES;
				GCC_WARN_UNUSED_VARIABLE = YES;
				IPHONEOS_DEPLOYMENT_TARGET = 18.2;
				LOCALIZATION_PREFERS_STRING_CATALOGS = YES;
				MTL_ENABLE_DEBUG_INFO = NO;
				MTL_FAST_MATH = YES;
				SDKROOT = iphoneos;
				SWIFT_COMPILATION_MODE = wholemodule;
				VALIDATE_PRODUCT = YES;
			};
			name = Release;
		};
		6121E2A02DA278FC00EF9800 /* Debug */ = {
			isa = XCBuildConfiguration;
			buildSettings = {
				ASSETCATALOG_COMPILER_APPICON_NAME = AppIcon;
				ASSETCATALOG_COMPILER_GLOBAL_ACCENT_COLOR_NAME = AccentColor;
				CODE_SIGN_ENTITLEMENTS = countDown/countDown.entitlements;
				CODE_SIGN_STYLE = Automatic;
				CURRENT_PROJECT_VERSION = 1;
				DEVELOPMENT_ASSET_PATHS = "\"countDown/Preview Content\"";
				ENABLE_PREVIEWS = YES;
				GENERATE_INFOPLIST_FILE = YES;
				INFOPLIST_FILE = countDown/Info.plist;
				INFOPLIST_KEY_LSApplicationCategoryType = "public.app-category.entertainment";
				INFOPLIST_KEY_UIApplicationSceneManifest_Generation = YES;
				INFOPLIST_KEY_UIApplicationSupportsIndirectInputEvents = YES;
				INFOPLIST_KEY_UILaunchScreen_Generation = YES;
				INFOPLIST_KEY_UISupportedInterfaceOrientations_iPad = "UIInterfaceOrientationPortrait UIInterfaceOrientationPortraitUpsideDown UIInterfaceOrientationLandscapeLeft UIInterfaceOrientationLandscapeRight";
				INFOPLIST_KEY_UISupportedInterfaceOrientations_iPhone = "UIInterfaceOrientationPortrait UIInterfaceOrientationLandscapeLeft UIInterfaceOrientationLandscapeRight";
				IPHONEOS_DEPLOYMENT_TARGET = 17.0;
				LD_RUNPATH_SEARCH_PATHS = (
					"$(inherited)",
					"@executable_path/Frameworks",
				);
				MARKETING_VERSION = 0.1.0;
				PRODUCT_BUNDLE_IDENTIFIER = com.entaku.countDown;
				PRODUCT_NAME = "$(TARGET_NAME)";
				SUPPORTED_PLATFORMS = "iphoneos iphonesimulator";
				SUPPORTS_MACCATALYST = NO;
				SUPPORTS_MAC_DESIGNED_FOR_IPHONE_IPAD = NO;
				SUPPORTS_XR_DESIGNED_FOR_IPHONE_IPAD = NO;
				SWIFT_EMIT_LOC_STRINGS = YES;
				SWIFT_VERSION = 5.0;
				TARGETED_DEVICE_FAMILY = 1;
			};
			name = Debug;
		};
		6121E2A12DA278FC00EF9800 /* Release */ = {
			isa = XCBuildConfiguration;
			buildSettings = {
				ASSETCATALOG_COMPILER_APPICON_NAME = AppIcon;
				ASSETCATALOG_COMPILER_GLOBAL_ACCENT_COLOR_NAME = AccentColor;
				CODE_SIGN_ENTITLEMENTS = countDown/countDown.entitlements;
				CODE_SIGN_STYLE = Automatic;
				CURRENT_PROJECT_VERSION = 1;
				DEVELOPMENT_ASSET_PATHS = "\"countDown/Preview Content\"";
				ENABLE_PREVIEWS = YES;
				GENERATE_INFOPLIST_FILE = YES;
				INFOPLIST_FILE = countDown/Info.plist;
				INFOPLIST_KEY_LSApplicationCategoryType = "public.app-category.entertainment";
				INFOPLIST_KEY_UIApplicationSceneManifest_Generation = YES;
				INFOPLIST_KEY_UIApplicationSupportsIndirectInputEvents = YES;
				INFOPLIST_KEY_UILaunchScreen_Generation = YES;
				INFOPLIST_KEY_UISupportedInterfaceOrientations_iPad = "UIInterfaceOrientationPortrait UIInterfaceOrientationPortraitUpsideDown UIInterfaceOrientationLandscapeLeft UIInterfaceOrientationLandscapeRight";
				INFOPLIST_KEY_UISupportedInterfaceOrientations_iPhone = "UIInterfaceOrientationPortrait UIInterfaceOrientationLandscapeLeft UIInterfaceOrientationLandscapeRight";
				IPHONEOS_DEPLOYMENT_TARGET = 17.0;
				LD_RUNPATH_SEARCH_PATHS = (
					"$(inherited)",
					"@executable_path/Frameworks",
				);
				MARKETING_VERSION = 0.1.0;
				PRODUCT_BUNDLE_IDENTIFIER = com.entaku.countDown;
				PRODUCT_NAME = "$(TARGET_NAME)";
				SUPPORTED_PLATFORMS = "iphoneos iphonesimulator";
				SUPPORTS_MACCATALYST = NO;
				SUPPORTS_MAC_DESIGNED_FOR_IPHONE_IPAD = NO;
				SUPPORTS_XR_DESIGNED_FOR_IPHONE_IPAD = NO;
				SWIFT_EMIT_LOC_STRINGS = YES;
				SWIFT_VERSION = 5.0;
				TARGETED_DEVICE_FAMILY = 1;
			};
			name = Release;
		};
		6121E2A32DA278FC00EF9800 /* Debug */ = {
			isa = XCBuildConfiguration;
			buildSettings = {
				BUNDLE_LOADER = "$(TEST_HOST)";
				CODE_SIGN_STYLE = Automatic;
				CURRENT_PROJECT_VERSION = 1;
				GENERATE_INFOPLIST_FILE = YES;
				IPHONEOS_DEPLOYMENT_TARGET = 18.2;
				MARKETING_VERSION = 1.0;
				PRODUCT_BUNDLE_IDENTIFIER = com.entaku.countDownTests;
				PRODUCT_NAME = "$(TARGET_NAME)";
				SWIFT_EMIT_LOC_STRINGS = NO;
				SWIFT_VERSION = 5.0;
				TARGETED_DEVICE_FAMILY = "1,2";
				TEST_HOST = "$(BUILT_PRODUCTS_DIR)/countDown.app/$(BUNDLE_EXECUTABLE_FOLDER_PATH)/countDown";
			};
			name = Debug;
		};
		6121E2A42DA278FC00EF9800 /* Release */ = {
			isa = XCBuildConfiguration;
			buildSettings = {
				BUNDLE_LOADER = "$(TEST_HOST)";
				CODE_SIGN_STYLE = Automatic;
				CURRENT_PROJECT_VERSION = 1;
				GENERATE_INFOPLIST_FILE = YES;
				IPHONEOS_DEPLOYMENT_TARGET = 18.2;
				MARKETING_VERSION = 1.0;
				PRODUCT_BUNDLE_IDENTIFIER = com.entaku.countDownTests;
				PRODUCT_NAME = "$(TARGET_NAME)";
				SWIFT_EMIT_LOC_STRINGS = NO;
				SWIFT_VERSION = 5.0;
				TARGETED_DEVICE_FAMILY = "1,2";
				TEST_HOST = "$(BUILT_PRODUCTS_DIR)/countDown.app/$(BUNDLE_EXECUTABLE_FOLDER_PATH)/countDown";
			};
			name = Release;
		};
		6121E2A62DA278FC00EF9800 /* Debug */ = {
			isa = XCBuildConfiguration;
			buildSettings = {
				CODE_SIGN_STYLE = Automatic;
				CURRENT_PROJECT_VERSION = 1;
				GENERATE_INFOPLIST_FILE = YES;
				MARKETING_VERSION = 1.0;
				PRODUCT_BUNDLE_IDENTIFIER = com.entaku.countDownUITests;
				PRODUCT_NAME = "$(TARGET_NAME)";
				SWIFT_EMIT_LOC_STRINGS = NO;
				SWIFT_VERSION = 5.0;
				TARGETED_DEVICE_FAMILY = "1,2";
				TEST_TARGET_NAME = countDown;
			};
			name = Debug;
		};
		6121E2A72DA278FC00EF9800 /* Release */ = {
			isa = XCBuildConfiguration;
			buildSettings = {
				CODE_SIGN_STYLE = Automatic;
				CURRENT_PROJECT_VERSION = 1;
				GENERATE_INFOPLIST_FILE = YES;
				MARKETING_VERSION = 1.0;
				PRODUCT_BUNDLE_IDENTIFIER = com.entaku.countDownUITests;
				PRODUCT_NAME = "$(TARGET_NAME)";
				SWIFT_EMIT_LOC_STRINGS = NO;
				SWIFT_VERSION = 5.0;
				TARGETED_DEVICE_FAMILY = "1,2";
				TEST_TARGET_NAME = countDown;
			};
			name = Release;
		};
		614412FF2F1B5B3B002D5A59 /* Debug */ = {
			isa = XCBuildConfiguration;
			buildSettings = {
				ASSETCATALOG_COMPILER_GLOBAL_ACCENT_COLOR_NAME = AccentColor;
				ASSETCATALOG_COMPILER_WIDGET_BACKGROUND_COLOR_NAME = WidgetBackground;
				CODE_SIGN_ENTITLEMENTS = countDownWidgetsExtension.entitlements;
				CODE_SIGN_STYLE = Automatic;
				CURRENT_PROJECT_VERSION = 1;
				DEBUG_INFORMATION_FORMAT = dwarf;
				GENERATE_INFOPLIST_FILE = YES;
				INFOPLIST_FILE = countDownWidgets/Info.plist;
				INFOPLIST_KEY_CFBundleDisplayName = countDownWidgets;
				INFOPLIST_KEY_NSHumanReadableCopyright = "";
				IPHONEOS_DEPLOYMENT_TARGET = 26.1;
				LD_RUNPATH_SEARCH_PATHS = (
					"$(inherited)",
					"@executable_path/Frameworks",
					"@executable_path/../../Frameworks",
				);
				MARKETING_VERSION = 1.0;
				PRODUCT_BUNDLE_IDENTIFIER = com.entaku.countDown.countDownWidgets;
				PRODUCT_NAME = "$(TARGET_NAME)";
				SKIP_INSTALL = YES;
				STRING_CATALOG_GENERATE_SYMBOLS = YES;
				SWIFT_APPROACHABLE_CONCURRENCY = YES;
				SWIFT_EMIT_LOC_STRINGS = YES;
				SWIFT_UPCOMING_FEATURE_MEMBER_IMPORT_VISIBILITY = YES;
				SWIFT_VERSION = 5.0;
				TARGETED_DEVICE_FAMILY = "1,2";
			};
			name = Debug;
		};
		614413002F1B5B3B002D5A59 /* Release */ = {
			isa = XCBuildConfiguration;
			buildSettings = {
				ASSETCATALOG_COMPILER_GLOBAL_ACCENT_COLOR_NAME = AccentColor;
				ASSETCATALOG_COMPILER_WIDGET_BACKGROUND_COLOR_NAME = WidgetBackground;
				CODE_SIGN_ENTITLEMENTS = countDownWidgetsExtension.entitlements;
				CODE_SIGN_STYLE = Automatic;
				CURRENT_PROJECT_VERSION = 1;
				GENERATE_INFOPLIST_FILE = YES;
				INFOPLIST_FILE = countDownWidgets/Info.plist;
				INFOPLIST_KEY_CFBundleDisplayName = countDownWidgets;
				INFOPLIST_KEY_NSHumanReadableCopyright = "";
				IPHONEOS_DEPLOYMENT_TARGET = 26.1;
				LD_RUNPATH_SEARCH_PATHS = (
					"$(inherited)",
					"@executable_path/Frameworks",
					"@executable_path/../../Frameworks",
				);
				MARKETING_VERSION = 1.0;
				PRODUCT_BUNDLE_IDENTIFIER = com.entaku.countDown.countDownWidgets;
				PRODUCT_NAME = "$(TARGET_NAME)";
				SKIP_INSTALL = YES;
				STRING_CATALOG_GENERATE_SYMBOLS = YES;
				SWIFT_APPROACHABLE_CONCURRENCY = YES;
				SWIFT_EMIT_LOC_STRINGS = YES;
				SWIFT_UPCOMING_FEATURE_MEMBER_IMPORT_VISIBILITY = YES;
				SWIFT_VERSION = 5.0;
				TARGETED_DEVICE_FAMILY = "1,2";
			};
			name = Release;
		};
/* End XCBuildConfiguration section */

/* Begin XCConfigurationList section */
		6121E2762DA278FA00EF9800 /* Build configuration list for PBXProject "countDown" */ = {
			isa = XCConfigurationList;
			buildConfigurations = (
				6121E29D2DA278FC00EF9800 /* Debug */,
				6121E29E2DA278FC00EF9800 /* Release */,
			);
			defaultConfigurationIsVisible = 0;
			defaultConfigurationName = Release;
		};
		6121E29F2DA278FC00EF9800 /* Build configuration list for PBXNativeTarget "countDown" */ = {
			isa = XCConfigurationList;
			buildConfigurations = (
				6121E2A02DA278FC00EF9800 /* Debug */,
				6121E2A12DA278FC00EF9800 /* Release */,
			);
			defaultConfigurationIsVisible = 0;
			defaultConfigurationName = Release;
		};
		6121E2A22DA278FC00EF9800 /* Build configuration list for PBXNativeTarget "countDownTests" */ = {
			isa = XCConfigurationList;
			buildConfigurations = (
				6121E2A32DA278FC00EF9800 /* Debug */,
				6121E2A42DA278FC00EF9800 /* Release */,
			);
			defaultConfigurationIsVisible = 0;
			defaultConfigurationName = Release;
		};
		6121E2A52DA278FC00EF9800 /* Build configuration list for PBXNativeTarget "countDownUITests" */ = {
			isa = XCConfigurationList;
			buildConfigurations = (
				6121E2A62DA278FC00EF9800 /* Debug */,
				6121E2A72DA278FC00EF9800 /* Release */,
			);
			defaultConfigurationIsVisible = 0;
			defaultConfigurationName = Release;
		};
		614412FE2F1B5B3B002D5A59 /* Build configuration list for PBXNativeTarget "countDownWidgetsExtension" */ = {
			isa = XCConfigurationList;
			buildConfigurations = (
				614412FF2F1B5B3B002D5A59 /* Debug */,
				614413002F1B5B3B002D5A59 /* Release */,
			);
			defaultConfigurationIsVisible = 0;
			defaultConfigurationName = Release;
		};
/* End XCConfigurationList section */

/* Begin XCRemoteSwiftPackageReference section */
		6121E3452DA27E3200EF9800 /* XCRemoteSwiftPackageReference "swift-composable-architecture" */ = {
			isa = XCRemoteSwiftPackageReference;
			repositoryURL = "https://github.com/pointfreeco/swift-composable-architecture.git";
			requirement = {
				kind = upToNextMajorVersion;
				minimumVersion = 1.22.0;
			};
		};
		61992A652DABFD7900FED06D /* XCRemoteSwiftPackageReference "firebase-ios-sdk" */ = {
			isa = XCRemoteSwiftPackageReference;
			repositoryURL = "https://github.com/firebase/firebase-ios-sdk";
			requirement = {
				kind = upToNextMajorVersion;
				minimumVersion = 11.11.0;
			};
		};
		61D9D2AF2DB4B1920001F08F /* XCRemoteSwiftPackageReference "swift-package-manager-google-mobile-ads" */ = {
			isa = XCRemoteSwiftPackageReference;
			repositoryURL = "https://github.com/googleads/swift-package-manager-google-mobile-ads.git";
			requirement = {
				kind = upToNextMajorVersion;
				minimumVersion = 12.3.0;
			};
		};
/* End XCRemoteSwiftPackageReference section */

/* Begin XCSwiftPackageProductDependency section */
		6121E3462DA27E3200EF9800 /* ComposableArchitecture */ = {
			isa = XCSwiftPackageProductDependency;
			package = 6121E3452DA27E3200EF9800 /* XCRemoteSwiftPackageReference "swift-composable-architecture" */;
			productName = ComposableArchitecture;
		};
		61992A662DABFD7900FED06D /* FirebaseAnalytics */ = {
			isa = XCSwiftPackageProductDependency;
			package = 61992A652DABFD7900FED06D /* XCRemoteSwiftPackageReference "firebase-ios-sdk" */;
			productName = FirebaseAnalytics;
		};
		61992A682DABFD7900FED06D /* FirebaseAnalyticsOnDeviceConversion */ = {
			isa = XCSwiftPackageProductDependency;
			package = 61992A652DABFD7900FED06D /* XCRemoteSwiftPackageReference "firebase-ios-sdk" */;
			productName = FirebaseAnalyticsOnDeviceConversion;
		};
		61992A6A2DABFD7900FED06D /* FirebaseAnalyticsWithoutAdIdSupport */ = {
			isa = XCSwiftPackageProductDependency;
			package = 61992A652DABFD7900FED06D /* XCRemoteSwiftPackageReference "firebase-ios-sdk" */;
			productName = FirebaseAnalyticsWithoutAdIdSupport;
		};
		61992A6C2DABFD7900FED06D /* FirebaseAppCheck */ = {
			isa = XCSwiftPackageProductDependency;
			package = 61992A652DABFD7900FED06D /* XCRemoteSwiftPackageReference "firebase-ios-sdk" */;
			productName = FirebaseAppCheck;
		};
		61992A6E2DABFD7900FED06D /* FirebaseAppDistribution-Beta */ = {
			isa = XCSwiftPackageProductDependency;
			package = 61992A652DABFD7900FED06D /* XCRemoteSwiftPackageReference "firebase-ios-sdk" */;
			productName = "FirebaseAppDistribution-Beta";
		};
		61992A702DABFD7900FED06D /* FirebaseAuth */ = {
			isa = XCSwiftPackageProductDependency;
			package = 61992A652DABFD7900FED06D /* XCRemoteSwiftPackageReference "firebase-ios-sdk" */;
			productName = FirebaseAuth;
		};
		61992A722DABFD7900FED06D /* FirebaseAuthCombine-Community */ = {
			isa = XCSwiftPackageProductDependency;
			package = 61992A652DABFD7900FED06D /* XCRemoteSwiftPackageReference "firebase-ios-sdk" */;
			productName = "FirebaseAuthCombine-Community";
		};
		61992A742DABFD7900FED06D /* FirebaseCore */ = {
			isa = XCSwiftPackageProductDependency;
			package = 61992A652DABFD7900FED06D /* XCRemoteSwiftPackageReference "firebase-ios-sdk" */;
			productName = FirebaseCore;
		};
		61992A762DABFD7900FED06D /* FirebaseCrashlytics */ = {
			isa = XCSwiftPackageProductDependency;
			package = 61992A652DABFD7900FED06D /* XCRemoteSwiftPackageReference "firebase-ios-sdk" */;
			productName = FirebaseCrashlytics;
		};
		61992A782DABFD7900FED06D /* FirebaseDatabase */ = {
			isa = XCSwiftPackageProductDependency;
			package = 61992A652DABFD7900FED06D /* XCRemoteSwiftPackageReference "firebase-ios-sdk" */;
			productName = FirebaseDatabase;
		};
		61992A7A2DABFD7900FED06D /* FirebaseDynamicLinks */ = {
			isa = XCSwiftPackageProductDependency;
			package = 61992A652DABFD7900FED06D /* XCRemoteSwiftPackageReference "firebase-ios-sdk" */;
			productName = FirebaseDynamicLinks;
		};
		61992A7C2DABFD7900FED06D /* FirebaseFirestore */ = {
			isa = XCSwiftPackageProductDependency;
			package = 61992A652DABFD7900FED06D /* XCRemoteSwiftPackageReference "firebase-ios-sdk" */;
			productName = FirebaseFirestore;
		};
		61992A7E2DABFD7900FED06D /* FirebaseFirestoreCombine-Community */ = {
			isa = XCSwiftPackageProductDependency;
			package = 61992A652DABFD7900FED06D /* XCRemoteSwiftPackageReference "firebase-ios-sdk" */;
			productName = "FirebaseFirestoreCombine-Community";
		};
		61992A802DABFD7900FED06D /* FirebaseFunctions */ = {
			isa = XCSwiftPackageProductDependency;
			package = 61992A652DABFD7900FED06D /* XCRemoteSwiftPackageReference "firebase-ios-sdk" */;
			productName = FirebaseFunctions;
		};
		61992A822DABFD7900FED06D /* FirebaseFunctionsCombine-Community */ = {
			isa = XCSwiftPackageProductDependency;
			package = 61992A652DABFD7900FED06D /* XCRemoteSwiftPackageReference "firebase-ios-sdk" */;
			productName = "FirebaseFunctionsCombine-Community";
		};
		61992A842DABFD7900FED06D /* FirebaseInAppMessaging-Beta */ = {
			isa = XCSwiftPackageProductDependency;
			package = 61992A652DABFD7900FED06D /* XCRemoteSwiftPackageReference "firebase-ios-sdk" */;
			productName = "FirebaseInAppMessaging-Beta";
		};
		61992A862DABFD7900FED06D /* FirebaseInstallations */ = {
			isa = XCSwiftPackageProductDependency;
			package = 61992A652DABFD7900FED06D /* XCRemoteSwiftPackageReference "firebase-ios-sdk" */;
			productName = FirebaseInstallations;
		};
		61992A882DABFD7900FED06D /* FirebaseMLModelDownloader */ = {
			isa = XCSwiftPackageProductDependency;
			package = 61992A652DABFD7900FED06D /* XCRemoteSwiftPackageReference "firebase-ios-sdk" */;
			productName = FirebaseMLModelDownloader;
		};
		61992A8A2DABFD7900FED06D /* FirebaseMessaging */ = {
			isa = XCSwiftPackageProductDependency;
			package = 61992A652DABFD7900FED06D /* XCRemoteSwiftPackageReference "firebase-ios-sdk" */;
			productName = FirebaseMessaging;
		};
		61992A8C2DABFD7900FED06D /* FirebasePerformance */ = {
			isa = XCSwiftPackageProductDependency;
			package = 61992A652DABFD7900FED06D /* XCRemoteSwiftPackageReference "firebase-ios-sdk" */;
			productName = FirebasePerformance;
		};
		61992A8E2DABFD7900FED06D /* FirebaseRemoteConfig */ = {
			isa = XCSwiftPackageProductDependency;
			package = 61992A652DABFD7900FED06D /* XCRemoteSwiftPackageReference "firebase-ios-sdk" */;
			productName = FirebaseRemoteConfig;
		};
		61992A902DABFD7900FED06D /* FirebaseStorage */ = {
			isa = XCSwiftPackageProductDependency;
			package = 61992A652DABFD7900FED06D /* XCRemoteSwiftPackageReference "firebase-ios-sdk" */;
			productName = FirebaseStorage;
		};
		61992A922DABFD7900FED06D /* FirebaseStorageCombine-Community */ = {
			isa = XCSwiftPackageProductDependency;
			package = 61992A652DABFD7900FED06D /* XCRemoteSwiftPackageReference "firebase-ios-sdk" */;
			productName = "FirebaseStorageCombine-Community";
		};
		61992A942DABFD7900FED06D /* FirebaseVertexAI */ = {
			isa = XCSwiftPackageProductDependency;
			package = 61992A652DABFD7900FED06D /* XCRemoteSwiftPackageReference "firebase-ios-sdk" */;
			productName = FirebaseVertexAI;
		};
		61D9D2B02DB4B1920001F08F /* GoogleMobileAds */ = {
			isa = XCSwiftPackageProductDependency;
			package = 61D9D2AF2DB4B1920001F08F /* XCRemoteSwiftPackageReference "swift-package-manager-google-mobile-ads" */;
			productName = GoogleMobileAds;
		};
/* End XCSwiftPackageProductDependency section */
	};
	rootObject = 6121E2732DA278FA00EF9800 /* Project object */;
}
